<?xml version="1.0" encoding="utf-8"?>
<Project ToolsVersion="4.0" xmlns="http://schemas.microsoft.com/developer/msbuild/2003">
  <ItemGroup>
    <Filter Include="Source Files">
      <UniqueIdentifier>{4FC737F1-C7A5-4376-A066-2A32D752A2FF}</UniqueIdentifier>
      <Extensions>cpp;c;cc;cxx;c++;cppm;ixx;def;odl;idl;hpj;bat;asm;asmx</Extensions>
    </Filter>
    <Filter Include="Header Files">
      <UniqueIdentifier>{93995380-89BD-4b04-88EB-625FBE52EBFB}</UniqueIdentifier>
      <Extensions>h;hh;hpp;hxx;h++;hm;inl;inc;ipp;xsd</Extensions>
    </Filter>
    <Filter Include="Resource Files">
      <UniqueIdentifier>{67DA6AB6-F800-4c08-8B7A-83BB121AAD01}</UniqueIdentifier>
      <Extensions>rc;ico;cur;bmp;dlg;rc2;rct;bin;rgs;gif;jpg;jpeg;jpe;resx;tiff;tif;png;wav;mfcribbon-ms</Extensions>
    </Filter>
    <Filter Include="Source Files\Vfs">
      <UniqueIdentifier>{54268b75-c200-4044-bd10-20369981c065}</UniqueIdentifier>
    </Filter>
  </ItemGroup>
  <ItemGroup>
    <ClInclude Include="k2auto.h">
      <Filter>Header Files</Filter>
    </ClInclude>
    <ClInclude Include="k2vfs.h">
      <Filter>Header Files</Filter>
    </ClInclude>
  </ItemGroup>
  <ItemGroup>
    <ClCompile Include="main.cpp">
      <Filter>Source Files</Filter>
    </ClCompile>
    <ClCompile Include="buildFileUser.cpp">
      <Filter>Source Files</Filter>
    </ClCompile>
    <ClCompile Include="srcXml.cpp">
      <Filter>Source Files</Filter>
    </ClCompile>
    <ClCompile Include="projObj.cpp">
      <Filter>Source Files</Filter>
    </ClCompile>
    <ClCompile Include="projLib.cpp">
      <Filter>Source Files</Filter>
    </ClCompile>
    <ClCompile Include="projXdl.cpp">
      <Filter>Source Files</Filter>
    </ClCompile>
    <ClCompile Include="vfsFile.cpp">
      <Filter>Source Files\Vfs</Filter>
    </ClCompile>
    <ClCompile Include="vfsFolder.cpp">
      <Filter>Source Files\Vfs</Filter>
    </ClCompile>
    <ClCompile Include="vfsNode.cpp">
      <Filter>Source Files\Vfs</Filter>
    </ClCompile>
    <ClCompile Include="vfsUser.cpp">
      <Filter>Source Files\Vfs</Filter>
    </ClCompile>
    <ClCompile Include="projDep.cpp">
      <Filter>Source Files</Filter>
    </ClCompile>
    <ClCompile Include="outObj.cpp">
      <Filter>Source Files</Filter>
    </ClCompile>
    <ClCompile Include="tmpObj.cpp">
      <Filter>Source Files</Filter>
    </ClCompile>
    <ClCompile Include="outLib.cpp">
      <Filter>Source Files</Filter>
    </ClCompile>
    <ClCompile Include="tmpDep.cpp">
      <Filter>Source Files</Filter>
    </ClCompile>
    <ClCompile Include="srcInc.cpp">
      <Filter>Source Files</Filter>
    </ClCompile>
    <ClCompile Include="srcCode.cpp">
      <Filter>Source Files</Filter>
    </ClCompile>
    <ClCompile Include="outXdl.cpp">
      <Filter>Source Files</Filter>
    </ClCompile>
    <ClCompile Include="outXdlLib.cpp">
      <Filter>Source Files</Filter>
    </ClCompile>
    <ClCompile Include="tmpElf.cpp">
      <Filter>Source Files</Filter>
    </ClCompile>
    <ClCompile Include="tmpExpObj.cpp">
      <Filter>Source Files</Filter>
    </ClCompile>
    <ClCompile Include="srcInf.cpp">
      <Filter>Source Files</Filter>
    </ClCompile>
    <ClCompile Include="projImg.cpp">
      <Filter>Source Files</Filter>
    </ClCompile>
    <ClCompile Include="img.cpp">
      <Filter>Source Files</Filter>
    </ClCompile>
    <ClCompile Include="imgDstBoot.cpp">
      <Filter>Source Files</Filter>
    </ClCompile>
    <ClCompile Include="imgDstXdl.cpp">
      <Filter>Source Files</Filter>
    </ClCompile>
    <ClCompile Include="imgSrcBoot.cpp">
      <Filter>Source Files</Filter>
    </ClCompile>
  </ItemGroup>
</Project>