
Microsoft Visual Studio Solution File, Format Version 12.00
# Visual Studio Version 17
VisualStudioVersion = 17.2.32519.379
MinimumVisualStudioVersion = 10.0.40219.1
Project("{8BC9CEB8-8B4A-11D0-8D11-00A0C91BC942}") = "k2win32", "lib\k2win32\k2win32.vcxproj", "{D859F07A-ABB4-44D3-9A7D-80CA6FDC8846}"
EndProject
Project("{8BC9CEB8-8B4A-11D0-8D11-00A0C91BC942}") = "k2dumpelf", "exe\k2dumpelf\k2dumpelf.vcxproj", "{51C6A843-870C-4953-AD30-F85A666BC592}"
	ProjectSection(ProjectDependencies) = postProject
		{24616C8C-4F5E-4AC7-9521-286484144A68} = {24616C8C-4F5E-4AC7-9521-286484144A68}
		{D859F07A-ABB4-44D3-9A7D-80CA6FDC8846} = {D859F07A-ABB4-44D3-9A7D-80CA6FDC8846}
	EndProjectSection
EndProject
Project("{8BC9CEB8-8B4A-11D0-8D11-00A0C91BC942}") = "k2sort", "lib\k2sort\k2sort.vcxproj", "{CD02994E-9DC0-4256-BCFD-676A37CADAF8}"
EndProject
Project("{8BC9CEB8-8B4A-11D0-8D11-00A0C91BC942}") = "k2mem", "lib\k2mem\k2mem.vcxproj", "{988860D3-8982-4D9E-B6F4-3085572E3BBD}"
EndProject
Project("{8BC9CEB8-8B4A-11D0-8D11-00A0C91BC942}") = "k2atomic", "lib\k2atomic\k2atomic.vcxproj", "{C8862F7F-B0E8-448C-8B2B-ACDD50EC0F59}"
EndProject
Project("{8BC9CEB8-8B4A-11D0-8D11-00A0C91BC942}") = "k2elf", "lib\k2elf\k2elf.vcxproj", "{24616C8C-4F5E-4AC7-9521-286484144A68}"
	ProjectSection(ProjectDependencies) = postProject
		{988860D3-8982-4D9E-B6F4-3085572E3BBD} = {988860D3-8982-4D9E-B6F4-3085572E3BBD}
		{CD02994E-9DC0-4256-BCFD-676A37CADAF8} = {CD02994E-9DC0-4256-BCFD-676A37CADAF8}
	EndProjectSection
EndProject
Project("{8BC9CEB8-8B4A-11D0-8D11-00A0C91BC942}") = "k2parse", "lib\k2parse\k2parse.vcxproj", "{77FC24FF-D117-4C9F-A3D0-4EC39F6B6826}"
EndProject
Project("{8BC9CEB8-8B4A-11D0-8D11-00A0C91BC942}") = "k2list", "lib\k2list\k2list.vcxproj", "{30F6700E-D9C2-4C96-AC42-39D1A4F385E8}"
EndProject
Project("{8BC9CEB8-8B4A-11D0-8D11-00A0C91BC942}") = "k2tree", "lib\k2tree\k2tree.vcxproj", "{F8EA6124-DEF9-43DA-9969-A1B35CA22759}"
EndProject
Project("{8BC9CEB8-8B4A-11D0-8D11-00A0C91BC942}") = "k2crc", "lib\k2crc\k2crc.vcxproj", "{E25E2343-8B8D-46E2-A19F-741E5AD45C1F}"
EndProject
Project("{8BC9CEB8-8B4A-11D0-8D11-00A0C91BC942}") = "k2rofshelp", "lib\k2rofshelp\k2rofshelp.vcxproj", "{4F704819-C502-4565-A9AF-94085C224CDA}"
EndProject
Project("{8BC9CEB8-8B4A-11D0-8D11-00A0C91BC942}") = "k2ring", "lib\k2ring\k2ring.vcxproj", "{7B2C8D44-3600-43E7-8362-16E143313240}"
EndProject
Project("{8BC9CEB8-8B4A-11D0-8D11-00A0C91BC942}") = "k2ramheap", "lib\k2ramheap\k2ramheap.vcxproj", "{CC063187-7561-4ADD-A03F-E92A98121C73}"
EndProject
Project("{8BC9CEB8-8B4A-11D0-8D11-00A0C91BC942}") = "k2heap", "lib\k2heap\k2heap.vcxproj", "{877A73E0-E41F-4158-9D55-5FC35A4094C9}"
EndProject
Project("{8BC9CEB8-8B4A-11D0-8D11-00A0C91BC942}") = "k2asc", "lib\k2asc\k2asc.vcxproj", "{B4D0CE95-D3F5-4224-B95E-4BA2B4058E3D}"
EndProject
Project("{8BC9CEB8-8B4A-11D0-8D11-00A0C91BC942}") = "k2frame", "lib\k2frame\k2frame.vcxproj", "{DCC979AB-AB96-4FA2-861D-1E6D7518CA07}"
	ProjectSection(ProjectDependencies) = postProject
		{30F6700E-D9C2-4C96-AC42-39D1A4F385E8} = {30F6700E-D9C2-4C96-AC42-39D1A4F385E8}
		{988860D3-8982-4D9E-B6F4-3085572E3BBD} = {988860D3-8982-4D9E-B6F4-3085572E3BBD}
		{F8EA6124-DEF9-43DA-9969-A1B35CA22759} = {F8EA6124-DEF9-43DA-9969-A1B35CA22759}
	EndProjectSection
EndProject
Project("{8BC9CEB8-8B4A-11D0-8D11-00A0C91BC942}") = "k2graph", "lib\k2graph\k2graph.vcxproj", "{FE86AF2A-3458-4507-9062-9C4B7DB8A6AE}"
	ProjectSection(ProjectDependencies) = postProject
		{988860D3-8982-4D9E-B6F4-3085572E3BBD} = {988860D3-8982-4D9E-B6F4-3085572E3BBD}
		{DCC979AB-AB96-4FA2-861D-1E6D7518CA07} = {DCC979AB-AB96-4FA2-861D-1E6D7518CA07}
	EndProjectSection
EndProject
Project("{8BC9CEB8-8B4A-11D0-8D11-00A0C91BC942}") = "fatwork", "exe\fatwork\fatwork\fatwork.vcxproj", "{5D912250-3E7C-4A26-B87C-D32A8D38C4EE}"
	ProjectSection(ProjectDependencies) = postProject
		{0A36275E-24AA-43E3-8A3B-5C0E30E6840E} = {0A36275E-24AA-43E3-8A3B-5C0E30E6840E}
		{1A5C1D16-D009-4A23-A624-AD74F159510D} = {1A5C1D16-D009-4A23-A624-AD74F159510D}
		{30F6700E-D9C2-4C96-AC42-39D1A4F385E8} = {30F6700E-D9C2-4C96-AC42-39D1A4F385E8}
		{988860D3-8982-4D9E-B6F4-3085572E3BBD} = {988860D3-8982-4D9E-B6F4-3085572E3BBD}
		{AEE08446-3724-4CE3-8A78-85C420DE606E} = {AEE08446-3724-4CE3-8A78-85C420DE606E}
		{B4D0CE95-D3F5-4224-B95E-4BA2B4058E3D} = {B4D0CE95-D3F5-4224-B95E-4BA2B4058E3D}
		{C5BDB971-FE29-4A60-8791-B7A97B64484A} = {C5BDB971-FE29-4A60-8791-B7A97B64484A}
		{C8862F7F-B0E8-448C-8B2B-ACDD50EC0F59} = {C8862F7F-B0E8-448C-8B2B-ACDD50EC0F59}
		{D859F07A-ABB4-44D3-9A7D-80CA6FDC8846} = {D859F07A-ABB4-44D3-9A7D-80CA6FDC8846}
		{E25E2343-8B8D-46E2-A19F-741E5AD45C1F} = {E25E2343-8B8D-46E2-A19F-741E5AD45C1F}
		{F8EA6124-DEF9-43DA-9969-A1B35CA22759} = {F8EA6124-DEF9-43DA-9969-A1B35CA22759}
	EndProjectSection
EndProject
Project("{8BC9CEB8-8B4A-11D0-8D11-00A0C91BC942}") = "k2stor", "lib\k2stor\k2stor.vcxproj", "{C5BDB971-FE29-4A60-8791-B7A97B64484A}"
	ProjectSection(ProjectDependencies) = postProject
		{988860D3-8982-4D9E-B6F4-3085572E3BBD} = {988860D3-8982-4D9E-B6F4-3085572E3BBD}
		{B4D0CE95-D3F5-4224-B95E-4BA2B4058E3D} = {B4D0CE95-D3F5-4224-B95E-4BA2B4058E3D}
		{E25E2343-8B8D-46E2-A19F-741E5AD45C1F} = {E25E2343-8B8D-46E2-A19F-741E5AD45C1F}
	EndProjectSection
EndProject
Project("{8BC9CEB8-8B4A-11D0-8D11-00A0C91BC942}") = "k2fat", "lib\k2fat\k2fat.vcxproj", "{0A36275E-24AA-43E3-8A3B-5C0E30E6840E}"
	ProjectSection(ProjectDependencies) = postProject
		{988860D3-8982-4D9E-B6F4-3085572E3BBD} = {988860D3-8982-4D9E-B6F4-3085572E3BBD}
		{B4D0CE95-D3F5-4224-B95E-4BA2B4058E3D} = {B4D0CE95-D3F5-4224-B95E-4BA2B4058E3D}
	EndProjectSection
EndProject
Project("{8BC9CEB8-8B4A-11D0-8D11-00A0C91BC942}") = "k2bit", "lib\k2bit\k2bit.vcxproj", "{3A294E95-9FDC-4D61-8630-9264F372A707}"
EndProject
Project("{8BC9CEB8-8B4A-11D0-8D11-00A0C91BC942}") = "k2export", "exe\k2export\k2export.vcxproj", "{23E09B90-BF61-4BDB-B1C0-79FCBF84D1EF}"
	ProjectSection(ProjectDependencies) = postProject
		{24616C8C-4F5E-4AC7-9521-286484144A68} = {24616C8C-4F5E-4AC7-9521-286484144A68}
		{77FC24FF-D117-4C9F-A3D0-4EC39F6B6826} = {77FC24FF-D117-4C9F-A3D0-4EC39F6B6826}
		{988860D3-8982-4D9E-B6F4-3085572E3BBD} = {988860D3-8982-4D9E-B6F4-3085572E3BBD}
		{B4D0CE95-D3F5-4224-B95E-4BA2B4058E3D} = {B4D0CE95-D3F5-4224-B95E-4BA2B4058E3D}
		{C8862F7F-B0E8-448C-8B2B-ACDD50EC0F59} = {C8862F7F-B0E8-448C-8B2B-ACDD50EC0F59}
		{D859F07A-ABB4-44D3-9A7D-80CA6FDC8846} = {D859F07A-ABB4-44D3-9A7D-80CA6FDC8846}
		{E25E2343-8B8D-46E2-A19F-741E5AD45C1F} = {E25E2343-8B8D-46E2-A19F-741E5AD45C1F}
		{F8EA6124-DEF9-43DA-9969-A1B35CA22759} = {F8EA6124-DEF9-43DA-9969-A1B35CA22759}
	EndProjectSection
EndProject
Project("{8BC9CEB8-8B4A-11D0-8D11-00A0C91BC942}") = "k2xdl", "lib\k2xdl\k2xdl.vcxproj", "{2AD3A30F-0AA4-4FCF-84D1-0E54DC645D40}"
	ProjectSection(ProjectDependencies) = postProject
		{24616C8C-4F5E-4AC7-9521-286484144A68} = {24616C8C-4F5E-4AC7-9521-286484144A68}
		{30F6700E-D9C2-4C96-AC42-39D1A4F385E8} = {30F6700E-D9C2-4C96-AC42-39D1A4F385E8}
		{B4D0CE95-D3F5-4224-B95E-4BA2B4058E3D} = {B4D0CE95-D3F5-4224-B95E-4BA2B4058E3D}
		{E25E2343-8B8D-46E2-A19F-741E5AD45C1F} = {E25E2343-8B8D-46E2-A19F-741E5AD45C1F}
		{F8EA6124-DEF9-43DA-9969-A1B35CA22759} = {F8EA6124-DEF9-43DA-9969-A1B35CA22759}
	EndProjectSection
EndProject
Project("{8BC9CEB8-8B4A-11D0-8D11-00A0C91BC942}") = "k2elf2xdl", "exe\k2elf2xdl\k2elf2xdl.vcxproj", "{84A57FE0-C1FF-4902-8682-97490037D0A7}"
	ProjectSection(ProjectDependencies) = postProject
		{24616C8C-4F5E-4AC7-9521-286484144A68} = {24616C8C-4F5E-4AC7-9521-286484144A68}
		{2AD3A30F-0AA4-4FCF-84D1-0E54DC645D40} = {2AD3A30F-0AA4-4FCF-84D1-0E54DC645D40}
		{77FC24FF-D117-4C9F-A3D0-4EC39F6B6826} = {77FC24FF-D117-4C9F-A3D0-4EC39F6B6826}
		{988860D3-8982-4D9E-B6F4-3085572E3BBD} = {988860D3-8982-4D9E-B6F4-3085572E3BBD}
		{B4D0CE95-D3F5-4224-B95E-4BA2B4058E3D} = {B4D0CE95-D3F5-4224-B95E-4BA2B4058E3D}
		{C8862F7F-B0E8-448C-8B2B-ACDD50EC0F59} = {C8862F7F-B0E8-448C-8B2B-ACDD50EC0F59}
		{D859F07A-ABB4-44D3-9A7D-80CA6FDC8846} = {D859F07A-ABB4-44D3-9A7D-80CA6FDC8846}
		{F8EA6124-DEF9-43DA-9969-A1B35CA22759} = {F8EA6124-DEF9-43DA-9969-A1B35CA22759}
	EndProjectSection
EndProject
Project("{8BC9CEB8-8B4A-11D0-8D11-00A0C91BC942}") = "k2xdltest", "exe\k2xdltest\k2xdltest.vcxproj", "{CB9BFBBB-F722-4DAC-A3FB-F51DBA88D1C7}"
	ProjectSection(ProjectDependencies) = postProject
		{2AD3A30F-0AA4-4FCF-84D1-0E54DC645D40} = {2AD3A30F-0AA4-4FCF-84D1-0E54DC645D40}
		{D859F07A-ABB4-44D3-9A7D-80CA6FDC8846} = {D859F07A-ABB4-44D3-9A7D-80CA6FDC8846}
	EndProjectSection
EndProject
Project("{8BC9CEB8-8B4A-11D0-8D11-00A0C91BC942}") = "k2rofs", "exe\k2rofs\k2rofs.vcxproj", "{3508C3FF-1DC9-484B-9E1E-47572B5609DA}"
	ProjectSection(ProjectDependencies) = postProject
		{4F704819-C502-4565-A9AF-94085C224CDA} = {4F704819-C502-4565-A9AF-94085C224CDA}
		{988860D3-8982-4D9E-B6F4-3085572E3BBD} = {988860D3-8982-4D9E-B6F4-3085572E3BBD}
		{B4D0CE95-D3F5-4224-B95E-4BA2B4058E3D} = {B4D0CE95-D3F5-4224-B95E-4BA2B4058E3D}
		{C8862F7F-B0E8-448C-8B2B-ACDD50EC0F59} = {C8862F7F-B0E8-448C-8B2B-ACDD50EC0F59}
		{D859F07A-ABB4-44D3-9A7D-80CA6FDC8846} = {D859F07A-ABB4-44D3-9A7D-80CA6FDC8846}
	EndProjectSection
EndProject
Project("{8BC9CEB8-8B4A-11D0-8D11-00A0C91BC942}") = "k2auto", "exe\k2auto\k2auto.vcxproj", "{56CD6C21-56EF-4653-9F05-8961AA5B2018}"
	ProjectSection(ProjectDependencies) = postProject
		{30F6700E-D9C2-4C96-AC42-39D1A4F385E8} = {30F6700E-D9C2-4C96-AC42-39D1A4F385E8}
		{77FC24FF-D117-4C9F-A3D0-4EC39F6B6826} = {77FC24FF-D117-4C9F-A3D0-4EC39F6B6826}
		{C8862F7F-B0E8-448C-8B2B-ACDD50EC0F59} = {C8862F7F-B0E8-448C-8B2B-ACDD50EC0F59}
		{D859F07A-ABB4-44D3-9A7D-80CA6FDC8846} = {D859F07A-ABB4-44D3-9A7D-80CA6FDC8846}
		{F8EA6124-DEF9-43DA-9969-A1B35CA22759} = {F8EA6124-DEF9-43DA-9969-A1B35CA22759}
		{FED1824E-5D91-4CBD-A555-A051A419BEB3} = {FED1824E-5D91-4CBD-A555-A051A419BEB3}
	EndProjectSection
EndProject
Project("{8BC9CEB8-8B4A-11D0-8D11-00A0C91BC942}") = "k2xml", "lib\k2xml\k2xml.vcxproj", "{FED1824E-5D91-4CBD-A555-A051A419BEB3}"
	ProjectSection(ProjectDependencies) = postProject
		{988860D3-8982-4D9E-B6F4-3085572E3BBD} = {988860D3-8982-4D9E-B6F4-3085572E3BBD}
		{B4D0CE95-D3F5-4224-B95E-4BA2B4058E3D} = {B4D0CE95-D3F5-4224-B95E-4BA2B4058E3D}
	EndProjectSection
EndProject
Project("{8BC9CEB8-8B4A-11D0-8D11-00A0C91BC942}") = "k2netstat", "exe\k2netstat\k2netstat.vcxproj", "{CE50A6EE-2570-4E06-B8F6-479D5637A1E3}"
	ProjectSection(ProjectDependencies) = postProject
		{77FC24FF-D117-4C9F-A3D0-4EC39F6B6826} = {77FC24FF-D117-4C9F-A3D0-4EC39F6B6826}
		{B4D0CE95-D3F5-4224-B95E-4BA2B4058E3D} = {B4D0CE95-D3F5-4224-B95E-4BA2B4058E3D}
		{D859F07A-ABB4-44D3-9A7D-80CA6FDC8846} = {D859F07A-ABB4-44D3-9A7D-80CA6FDC8846}
	EndProjectSection
EndProject
Project("{8BC9CEB8-8B4A-11D0-8D11-00A0C91BC942}") = "k2spin", "lib\k2spin\k2spin.vcxproj", "{CF44A784-D3E6-4FA9-A384-EBCCFCD679B5}"
	ProjectSection(ProjectDependencies) = postProject
		{C8862F7F-B0E8-448C-8B2B-ACDD50EC0F59} = {C8862F7F-B0E8-448C-8B2B-ACDD50EC0F59}
	EndProjectSection
EndProject
Project("{8BC9CEB8-8B4A-11D0-8D11-00A0C91BC942}") = "k2pppf", "lib\k2pppf\k2pppf.vcxproj", "{1A5C1D16-D009-4A23-A624-AD74F159510D}"
EndProject
Project("{8BC9CEB8-8B4A-11D0-8D11-00A0C91BC942}") = "k2pppauto", "lib\k2pppauto\k2pppauto.vcxproj", "{06F59CA8-E55B-409D-A050-060759FA3720}"
EndProject
Project("{8BC9CEB8-8B4A-11D0-8D11-00A0C91BC942}") = "k2dbus", "lib\k2dbus\k2dbus.vcxproj", "{AEE08446-3724-4CE3-8A78-85C420DE606E}"
EndProject
Global
	GlobalSection(SolutionConfigurationPlatforms) = preSolution
		Debug|x64 = Debug|x64
		Debug|x86 = Debug|x86
		Release|x64 = Release|x64
		Release|x86 = Release|x86
	EndGlobalSection
	GlobalSection(ProjectConfigurationPlatforms) = postSolution
		{D859F07A-ABB4-44D3-9A7D-80CA6FDC8846}.Debug|x64.ActiveCfg = Debug|x64
		{D859F07A-ABB4-44D3-9A7D-80CA6FDC8846}.Debug|x64.Build.0 = Debug|x64
		{D859F07A-ABB4-44D3-9A7D-80CA6FDC8846}.Debug|x86.ActiveCfg = Debug|Win32
		{D859F07A-ABB4-44D3-9A7D-80CA6FDC8846}.Debug|x86.Build.0 = Debug|Win32
		{D859F07A-ABB4-44D3-9A7D-80CA6FDC8846}.Release|x64.ActiveCfg = Release|x64
		{D859F07A-ABB4-44D3-9A7D-80CA6FDC8846}.Release|x64.Build.0 = Release|x64
		{D859F07A-ABB4-44D3-9A7D-80CA6FDC8846}.Release|x86.ActiveCfg = Release|Win32
		{D859F07A-ABB4-44D3-9A7D-80CA6FDC8846}.Release|x86.Build.0 = Release|Win32
		{51C6A843-870C-4953-AD30-F85A666BC592}.Debug|x64.ActiveCfg = Debug|x64
		{51C6A843-870C-4953-AD30-F85A666BC592}.Debug|x64.Build.0 = Debug|x64
		{51C6A843-870C-4953-AD30-F85A666BC592}.Debug|x86.ActiveCfg = Debug|Win32
		{51C6A843-870C-4953-AD30-F85A666BC592}.Debug|x86.Build.0 = Debug|Win32
		{51C6A843-870C-4953-AD30-F85A666BC592}.Release|x64.ActiveCfg = Release|x64
		{51C6A843-870C-4953-AD30-F85A666BC592}.Release|x64.Build.0 = Release|x64
		{51C6A843-870C-4953-AD30-F85A666BC592}.Release|x86.ActiveCfg = Release|Win32
		{51C6A843-870C-4953-AD30-F85A666BC592}.Release|x86.Build.0 = Release|Win32
		{CD02994E-9DC0-4256-BCFD-676A37CADAF8}.Debug|x64.ActiveCfg = Debug|x64
		{CD02994E-9DC0-4256-BCFD-676A37CADAF8}.Debug|x64.Build.0 = Debug|x64
		{CD02994E-9DC0-4256-BCFD-676A37CADAF8}.Debug|x86.ActiveCfg = Debug|Win32
		{CD02994E-9DC0-4256-BCFD-676A37CADAF8}.Debug|x86.Build.0 = Debug|Win32
		{CD02994E-9DC0-4256-BCFD-676A37CADAF8}.Release|x64.ActiveCfg = Release|x64
		{CD02994E-9DC0-4256-BCFD-676A37CADAF8}.Release|x64.Build.0 = Release|x64
		{CD02994E-9DC0-4256-BCFD-676A37CADAF8}.Release|x86.ActiveCfg = Release|Win32
		{CD02994E-9DC0-4256-BCFD-676A37CADAF8}.Release|x86.Build.0 = Release|Win32
		{988860D3-8982-4D9E-B6F4-3085572E3BBD}.Debug|x64.ActiveCfg = Debug|x64
		{988860D3-8982-4D9E-B6F4-3085572E3BBD}.Debug|x64.Build.0 = Debug|x64
		{988860D3-8982-4D9E-B6F4-3085572E3BBD}.Debug|x86.ActiveCfg = Debug|Win32
		{988860D3-8982-4D9E-B6F4-3085572E3BBD}.Debug|x86.Build.0 = Debug|Win32
		{988860D3-8982-4D9E-B6F4-3085572E3BBD}.Release|x64.ActiveCfg = Release|x64
		{988860D3-8982-4D9E-B6F4-3085572E3BBD}.Release|x64.Build.0 = Release|x64
		{988860D3-8982-4D9E-B6F4-3085572E3BBD}.Release|x86.ActiveCfg = Release|Win32
		{988860D3-8982-4D9E-B6F4-3085572E3BBD}.Release|x86.Build.0 = Release|Win32
		{C8862F7F-B0E8-448C-8B2B-ACDD50EC0F59}.Debug|x64.ActiveCfg = Debug|x64
		{C8862F7F-B0E8-448C-8B2B-ACDD50EC0F59}.Debug|x64.Build.0 = Debug|x64
		{C8862F7F-B0E8-448C-8B2B-ACDD50EC0F59}.Debug|x86.ActiveCfg = Debug|Win32
		{C8862F7F-B0E8-448C-8B2B-ACDD50EC0F59}.Debug|x86.Build.0 = Debug|Win32
		{C8862F7F-B0E8-448C-8B2B-ACDD50EC0F59}.Release|x64.ActiveCfg = Release|x64
		{C8862F7F-B0E8-448C-8B2B-ACDD50EC0F59}.Release|x64.Build.0 = Release|x64
		{C8862F7F-B0E8-448C-8B2B-ACDD50EC0F59}.Release|x86.ActiveCfg = Release|Win32
		{C8862F7F-B0E8-448C-8B2B-ACDD50EC0F59}.Release|x86.Build.0 = Release|Win32
		{24616C8C-4F5E-4AC7-9521-286484144A68}.Debug|x64.ActiveCfg = Debug|x64
		{24616C8C-4F5E-4AC7-9521-286484144A68}.Debug|x64.Build.0 = Debug|x64
		{24616C8C-4F5E-4AC7-9521-286484144A68}.Debug|x86.ActiveCfg = Debug|Win32
		{24616C8C-4F5E-4AC7-9521-286484144A68}.Debug|x86.Build.0 = Debug|Win32
		{24616C8C-4F5E-4AC7-9521-286484144A68}.Release|x64.ActiveCfg = Release|x64
		{24616C8C-4F5E-4AC7-9521-286484144A68}.Release|x64.Build.0 = Release|x64
		{24616C8C-4F5E-4AC7-9521-286484144A68}.Release|x86.ActiveCfg = Release|Win32
		{24616C8C-4F5E-4AC7-9521-286484144A68}.Release|x86.Build.0 = Release|Win32
		{77FC24FF-D117-4C9F-A3D0-4EC39F6B6826}.Debug|x64.ActiveCfg = Debug|x64
		{77FC24FF-D117-4C9F-A3D0-4EC39F6B6826}.Debug|x64.Build.0 = Debug|x64
		{77FC24FF-D117-4C9F-A3D0-4EC39F6B6826}.Debug|x86.ActiveCfg = Debug|Win32
		{77FC24FF-D117-4C9F-A3D0-4EC39F6B6826}.Debug|x86.Build.0 = Debug|Win32
		{77FC24FF-D117-4C9F-A3D0-4EC39F6B6826}.Release|x64.ActiveCfg = Release|x64
		{77FC24FF-D117-4C9F-A3D0-4EC39F6B6826}.Release|x64.Build.0 = Release|x64
		{77FC24FF-D117-4C9F-A3D0-4EC39F6B6826}.Release|x86.ActiveCfg = Release|Win32
		{77FC24FF-D117-4C9F-A3D0-4EC39F6B6826}.Release|x86.Build.0 = Release|Win32
		{30F6700E-D9C2-4C96-AC42-39D1A4F385E8}.Debug|x64.ActiveCfg = Debug|x64
		{30F6700E-D9C2-4C96-AC42-39D1A4F385E8}.Debug|x64.Build.0 = Debug|x64
		{30F6700E-D9C2-4C96-AC42-39D1A4F385E8}.Debug|x86.ActiveCfg = Debug|Win32
		{30F6700E-D9C2-4C96-AC42-39D1A4F385E8}.Debug|x86.Build.0 = Debug|Win32
		{30F6700E-D9C2-4C96-AC42-39D1A4F385E8}.Release|x64.ActiveCfg = Release|x64
		{30F6700E-D9C2-4C96-AC42-39D1A4F385E8}.Release|x64.Build.0 = Release|x64
		{30F6700E-D9C2-4C96-AC42-39D1A4F385E8}.Release|x86.ActiveCfg = Release|Win32
		{30F6700E-D9C2-4C96-AC42-39D1A4F385E8}.Release|x86.Build.0 = Release|Win32
		{F8EA6124-DEF9-43DA-9969-A1B35CA22759}.Debug|x64.ActiveCfg = Debug|x64
		{F8EA6124-DEF9-43DA-9969-A1B35CA22759}.Debug|x64.Build.0 = Debug|x64
		{F8EA6124-DEF9-43DA-9969-A1B35CA22759}.Debug|x86.ActiveCfg = Debug|Win32
		{F8EA6124-DEF9-43DA-9969-A1B35CA22759}.Debug|x86.Build.0 = Debug|Win32
		{F8EA6124-DEF9-43DA-9969-A1B35CA22759}.Release|x64.ActiveCfg = Release|x64
		{F8EA6124-DEF9-43DA-9969-A1B35CA22759}.Release|x64.Build.0 = Release|x64
		{F8EA6124-DEF9-43DA-9969-A1B35CA22759}.Release|x86.ActiveCfg = Release|Win32
		{F8EA6124-DEF9-43DA-9969-A1B35CA22759}.Release|x86.Build.0 = Release|Win32
		{E25E2343-8B8D-46E2-A19F-741E5AD45C1F}.Debug|x64.ActiveCfg = Debug|x64
		{E25E2343-8B8D-46E2-A19F-741E5AD45C1F}.Debug|x64.Build.0 = Debug|x64
		{E25E2343-8B8D-46E2-A19F-741E5AD45C1F}.Debug|x86.ActiveCfg = Debug|Win32
		{E25E2343-8B8D-46E2-A19F-741E5AD45C1F}.Debug|x86.Build.0 = Debug|Win32
		{E25E2343-8B8D-46E2-A19F-741E5AD45C1F}.Release|x64.ActiveCfg = Release|x64
		{E25E2343-8B8D-46E2-A19F-741E5AD45C1F}.Release|x64.Build.0 = Release|x64
		{E25E2343-8B8D-46E2-A19F-741E5AD45C1F}.Release|x86.ActiveCfg = Release|Win32
		{E25E2343-8B8D-46E2-A19F-741E5AD45C1F}.Release|x86.Build.0 = Release|Win32
		{4F704819-C502-4565-A9AF-94085C224CDA}.Debug|x64.ActiveCfg = Debug|x64
		{4F704819-C502-4565-A9AF-94085C224CDA}.Debug|x64.Build.0 = Debug|x64
		{4F704819-C502-4565-A9AF-94085C224CDA}.Debug|x86.ActiveCfg = Debug|Win32
		{4F704819-C502-4565-A9AF-94085C224CDA}.Debug|x86.Build.0 = Debug|Win32
		{4F704819-C502-4565-A9AF-94085C224CDA}.Release|x64.ActiveCfg = Release|x64
		{4F704819-C502-4565-A9AF-94085C224CDA}.Release|x64.Build.0 = Release|x64
		{4F704819-C502-4565-A9AF-94085C224CDA}.Release|x86.ActiveCfg = Release|Win32
		{4F704819-C502-4565-A9AF-94085C224CDA}.Release|x86.Build.0 = Release|Win32
		{7B2C8D44-3600-43E7-8362-16E143313240}.Debug|x64.ActiveCfg = Debug|x64
		{7B2C8D44-3600-43E7-8362-16E143313240}.Debug|x64.Build.0 = Debug|x64
		{7B2C8D44-3600-43E7-8362-16E143313240}.Debug|x86.ActiveCfg = Debug|Win32
		{7B2C8D44-3600-43E7-8362-16E143313240}.Debug|x86.Build.0 = Debug|Win32
		{7B2C8D44-3600-43E7-8362-16E143313240}.Release|x64.ActiveCfg = Release|x64
		{7B2C8D44-3600-43E7-8362-16E143313240}.Release|x64.Build.0 = Release|x64
		{7B2C8D44-3600-43E7-8362-16E143313240}.Release|x86.ActiveCfg = Release|Win32
		{7B2C8D44-3600-43E7-8362-16E143313240}.Release|x86.Build.0 = Release|Win32
		{CC063187-7561-4ADD-A03F-E92A98121C73}.Debug|x64.ActiveCfg = Debug|x64
		{CC063187-7561-4ADD-A03F-E92A98121C73}.Debug|x64.Build.0 = Debug|x64
		{CC063187-7561-4ADD-A03F-E92A98121C73}.Debug|x86.ActiveCfg = Debug|Win32
		{CC063187-7561-4ADD-A03F-E92A98121C73}.Debug|x86.Build.0 = Debug|Win32
		{CC063187-7561-4ADD-A03F-E92A98121C73}.Release|x64.ActiveCfg = Release|x64
		{CC063187-7561-4ADD-A03F-E92A98121C73}.Release|x64.Build.0 = Release|x64
		{CC063187-7561-4ADD-A03F-E92A98121C73}.Release|x86.ActiveCfg = Release|Win32
		{CC063187-7561-4ADD-A03F-E92A98121C73}.Release|x86.Build.0 = Release|Win32
		{877A73E0-E41F-4158-9D55-5FC35A4094C9}.Debug|x64.ActiveCfg = Debug|x64
		{877A73E0-E41F-4158-9D55-5FC35A4094C9}.Debug|x64.Build.0 = Debug|x64
		{877A73E0-E41F-4158-9D55-5FC35A4094C9}.Debug|x86.ActiveCfg = Debug|Win32
		{877A73E0-E41F-4158-9D55-5FC35A4094C9}.Debug|x86.Build.0 = Debug|Win32
		{877A73E0-E41F-4158-9D55-5FC35A4094C9}.Release|x64.ActiveCfg = Release|x64
		{877A73E0-E41F-4158-9D55-5FC35A4094C9}.Release|x64.Build.0 = Release|x64
		{877A73E0-E41F-4158-9D55-5FC35A4094C9}.Release|x86.ActiveCfg = Release|Win32
		{877A73E0-E41F-4158-9D55-5FC35A4094C9}.Release|x86.Build.0 = Release|Win32
		{B4D0CE95-D3F5-4224-B95E-4BA2B4058E3D}.Debug|x64.ActiveCfg = Debug|x64
		{B4D0CE95-D3F5-4224-B95E-4BA2B4058E3D}.Debug|x64.Build.0 = Debug|x64
		{B4D0CE95-D3F5-4224-B95E-4BA2B4058E3D}.Debug|x86.ActiveCfg = Debug|Win32
		{B4D0CE95-D3F5-4224-B95E-4BA2B4058E3D}.Debug|x86.Build.0 = Debug|Win32
		{B4D0CE95-D3F5-4224-B95E-4BA2B4058E3D}.Release|x64.ActiveCfg = Release|x64
		{B4D0CE95-D3F5-4224-B95E-4BA2B4058E3D}.Release|x64.Build.0 = Release|x64
		{B4D0CE95-D3F5-4224-B95E-4BA2B4058E3D}.Release|x86.ActiveCfg = Release|Win32
		{B4D0CE95-D3F5-4224-B95E-4BA2B4058E3D}.Release|x86.Build.0 = Release|Win32
		{DCC979AB-AB96-4FA2-861D-1E6D7518CA07}.Debug|x64.ActiveCfg = Debug|x64
		{DCC979AB-AB96-4FA2-861D-1E6D7518CA07}.Debug|x64.Build.0 = Debug|x64
		{DCC979AB-AB96-4FA2-861D-1E6D7518CA07}.Debug|x86.ActiveCfg = Debug|Win32
		{DCC979AB-AB96-4FA2-861D-1E6D7518CA07}.Debug|x86.Build.0 = Debug|Win32
		{DCC979AB-AB96-4FA2-861D-1E6D7518CA07}.Release|x64.ActiveCfg = Release|x64
		{DCC979AB-AB96-4FA2-861D-1E6D7518CA07}.Release|x64.Build.0 = Release|x64
		{DCC979AB-AB96-4FA2-861D-1E6D7518CA07}.Release|x86.ActiveCfg = Release|Win32
		{DCC979AB-AB96-4FA2-861D-1E6D7518CA07}.Release|x86.Build.0 = Release|Win32
		{FE86AF2A-3458-4507-9062-9C4B7DB8A6AE}.Debug|x64.ActiveCfg = Debug|x64
		{FE86AF2A-3458-4507-9062-9C4B7DB8A6AE}.Debug|x64.Build.0 = Debug|x64
		{FE86AF2A-3458-4507-9062-9C4B7DB8A6AE}.Debug|x86.ActiveCfg = Debug|Win32
		{FE86AF2A-3458-4507-9062-9C4B7DB8A6AE}.Debug|x86.Build.0 = Debug|Win32
		{FE86AF2A-3458-4507-9062-9C4B7DB8A6AE}.Release|x64.ActiveCfg = Release|x64
		{FE86AF2A-3458-4507-9062-9C4B7DB8A6AE}.Release|x64.Build.0 = Release|x64
		{FE86AF2A-3458-4507-9062-9C4B7DB8A6AE}.Release|x86.ActiveCfg = Release|Win32
		{FE86AF2A-3458-4507-9062-9C4B7DB8A6AE}.Release|x86.Build.0 = Release|Win32
		{5D912250-3E7C-4A26-B87C-D32A8D38C4EE}.Debug|x64.ActiveCfg = Debug|Win32
		{5D912250-3E7C-4A26-B87C-D32A8D38C4EE}.Debug|x64.Build.0 = Debug|Win32
		{5D912250-3E7C-4A26-B87C-D32A8D38C4EE}.Debug|x86.ActiveCfg = Debug|Win32
		{5D912250-3E7C-4A26-B87C-D32A8D38C4EE}.Debug|x86.Build.0 = Debug|Win32
		{5D912250-3E7C-4A26-B87C-D32A8D38C4EE}.Release|x64.ActiveCfg = Release|Win32
		{5D912250-3E7C-4A26-B87C-D32A8D38C4EE}.Release|x64.Build.0 = Release|Win32
		{5D912250-3E7C-4A26-B87C-D32A8D38C4EE}.Release|x86.ActiveCfg = Release|Win32
		{5D912250-3E7C-4A26-B87C-D32A8D38C4EE}.Release|x86.Build.0 = Release|Win32
		{C5BDB971-FE29-4A60-8791-B7A97B64484A}.Debug|x64.ActiveCfg = Debug|x64
		{C5BDB971-FE29-4A60-8791-B7A97B64484A}.Debug|x64.Build.0 = Debug|x64
		{C5BDB971-FE29-4A60-8791-B7A97B64484A}.Debug|x86.ActiveCfg = Debug|Win32
		{C5BDB971-FE29-4A60-8791-B7A97B64484A}.Debug|x86.Build.0 = Debug|Win32
		{C5BDB971-FE29-4A60-8791-B7A97B64484A}.Release|x64.ActiveCfg = Release|x64
		{C5BDB971-FE29-4A60-8791-B7A97B64484A}.Release|x64.Build.0 = Release|x64
		{C5BDB971-FE29-4A60-8791-B7A97B64484A}.Release|x86.ActiveCfg = Release|Win32
		{C5BDB971-FE29-4A60-8791-B7A97B64484A}.Release|x86.Build.0 = Release|Win32
		{0A36275E-24AA-43E3-8A3B-5C0E30E6840E}.Debug|x64.ActiveCfg = Debug|x64
		{0A36275E-24AA-43E3-8A3B-5C0E30E6840E}.Debug|x64.Build.0 = Debug|x64
		{0A36275E-24AA-43E3-8A3B-5C0E30E6840E}.Debug|x86.ActiveCfg = Debug|Win32
		{0A36275E-24AA-43E3-8A3B-5C0E30E6840E}.Debug|x86.Build.0 = Debug|Win32
		{0A36275E-24AA-43E3-8A3B-5C0E30E6840E}.Release|x64.ActiveCfg = Release|x64
		{0A36275E-24AA-43E3-8A3B-5C0E30E6840E}.Release|x64.Build.0 = Release|x64
		{0A36275E-24AA-43E3-8A3B-5C0E30E6840E}.Release|x86.ActiveCfg = Release|Win32
		{0A36275E-24AA-43E3-8A3B-5C0E30E6840E}.Release|x86.Build.0 = Release|Win32
		{3A294E95-9FDC-4D61-8630-9264F372A707}.Debug|x64.ActiveCfg = Debug|x64
		{3A294E95-9FDC-4D61-8630-9264F372A707}.Debug|x64.Build.0 = Debug|x64
		{3A294E95-9FDC-4D61-8630-9264F372A707}.Debug|x86.ActiveCfg = Debug|Win32
		{3A294E95-9FDC-4D61-8630-9264F372A707}.Debug|x86.Build.0 = Debug|Win32
		{3A294E95-9FDC-4D61-8630-9264F372A707}.Release|x64.ActiveCfg = Release|x64
		{3A294E95-9FDC-4D61-8630-9264F372A707}.Release|x64.Build.0 = Release|x64
		{3A294E95-9FDC-4D61-8630-9264F372A707}.Release|x86.ActiveCfg = Release|Win32
		{3A294E95-9FDC-4D61-8630-9264F372A707}.Release|x86.Build.0 = Release|Win32
		{23E09B90-BF61-4BDB-B1C0-79FCBF84D1EF}.Debug|x64.ActiveCfg = Debug|x64
		{23E09B90-BF61-4BDB-B1C0-79FCBF84D1EF}.Debug|x64.Build.0 = Debug|x64
		{23E09B90-BF61-4BDB-B1C0-79FCBF84D1EF}.Debug|x86.ActiveCfg = Debug|Win32
		{23E09B90-BF61-4BDB-B1C0-79FCBF84D1EF}.Debug|x86.Build.0 = Debug|Win32
		{23E09B90-BF61-4BDB-B1C0-79FCBF84D1EF}.Release|x64.ActiveCfg = Release|x64
		{23E09B90-BF61-4BDB-B1C0-79FCBF84D1EF}.Release|x64.Build.0 = Release|x64
		{23E09B90-BF61-4BDB-B1C0-79FCBF84D1EF}.Release|x86.ActiveCfg = Release|Win32
		{23E09B90-BF61-4BDB-B1C0-79FCBF84D1EF}.Release|x86.Build.0 = Release|Win32
		{2AD3A30F-0AA4-4FCF-84D1-0E54DC645D40}.Debug|x64.ActiveCfg = Debug|x64
		{2AD3A30F-0AA4-4FCF-84D1-0E54DC645D40}.Debug|x64.Build.0 = Debug|x64
		{2AD3A30F-0AA4-4FCF-84D1-0E54DC645D40}.Debug|x86.ActiveCfg = Debug|Win32
		{2AD3A30F-0AA4-4FCF-84D1-0E54DC645D40}.Debug|x86.Build.0 = Debug|Win32
		{2AD3A30F-0AA4-4FCF-84D1-0E54DC645D40}.Release|x64.ActiveCfg = Release|x64
		{2AD3A30F-0AA4-4FCF-84D1-0E54DC645D40}.Release|x64.Build.0 = Release|x64
		{2AD3A30F-0AA4-4FCF-84D1-0E54DC645D40}.Release|x86.ActiveCfg = Release|Win32
		{2AD3A30F-0AA4-4FCF-84D1-0E54DC645D40}.Release|x86.Build.0 = Release|Win32
		{84A57FE0-C1FF-4902-8682-97490037D0A7}.Debug|x64.ActiveCfg = Debug|x64
		{84A57FE0-C1FF-4902-8682-97490037D0A7}.Debug|x64.Build.0 = Debug|x64
		{84A57FE0-C1FF-4902-8682-97490037D0A7}.Debug|x86.ActiveCfg = Debug|Win32
		{84A57FE0-C1FF-4902-8682-97490037D0A7}.Debug|x86.Build.0 = Debug|Win32
		{84A57FE0-C1FF-4902-8682-97490037D0A7}.Release|x64.ActiveCfg = Release|x64
		{84A57FE0-C1FF-4902-8682-97490037D0A7}.Release|x64.Build.0 = Release|x64
		{84A57FE0-C1FF-4902-8682-97490037D0A7}.Release|x86.ActiveCfg = Release|Win32
		{84A57FE0-C1FF-4902-8682-97490037D0A7}.Release|x86.Build.0 = Release|Win32
		{CB9BFBBB-F722-4DAC-A3FB-F51DBA88D1C7}.Debug|x64.ActiveCfg = Debug|x64
		{CB9BFBBB-F722-4DAC-A3FB-F51DBA88D1C7}.Debug|x64.Build.0 = Debug|x64
		{CB9BFBBB-F722-4DAC-A3FB-F51DBA88D1C7}.Debug|x86.ActiveCfg = Debug|Win32
		{CB9BFBBB-F722-4DAC-A3FB-F51DBA88D1C7}.Debug|x86.Build.0 = Debug|Win32
		{CB9BFBBB-F722-4DAC-A3FB-F51DBA88D1C7}.Release|x64.ActiveCfg = Release|x64
		{CB9BFBBB-F722-4DAC-A3FB-F51DBA88D1C7}.Release|x64.Build.0 = Release|x64
		{CB9BFBBB-F722-4DAC-A3FB-F51DBA88D1C7}.Release|x86.ActiveCfg = Release|Win32
		{CB9BFBBB-F722-4DAC-A3FB-F51DBA88D1C7}.Release|x86.Build.0 = Release|Win32
		{3508C3FF-1DC9-484B-9E1E-47572B5609DA}.Debug|x64.ActiveCfg = Debug|x64
		{3508C3FF-1DC9-484B-9E1E-47572B5609DA}.Debug|x64.Build.0 = Debug|x64
		{3508C3FF-1DC9-484B-9E1E-47572B5609DA}.Debug|x86.ActiveCfg = Debug|Win32
		{3508C3FF-1DC9-484B-9E1E-47572B5609DA}.Debug|x86.Build.0 = Debug|Win32
		{3508C3FF-1DC9-484B-9E1E-47572B5609DA}.Release|x64.ActiveCfg = Release|x64
		{3508C3FF-1DC9-484B-9E1E-47572B5609DA}.Release|x64.Build.0 = Release|x64
		{3508C3FF-1DC9-484B-9E1E-47572B5609DA}.Release|x86.ActiveCfg = Release|Win32
		{3508C3FF-1DC9-484B-9E1E-47572B5609DA}.Release|x86.Build.0 = Release|Win32
		{56CD6C21-56EF-4653-9F05-8961AA5B2018}.Debug|x64.ActiveCfg = Debug|x64
		{56CD6C21-56EF-4653-9F05-8961AA5B2018}.Debug|x64.Build.0 = Debug|x64
		{56CD6C21-56EF-4653-9F05-8961AA5B2018}.Debug|x86.ActiveCfg = Debug|Win32
		{56CD6C21-56EF-4653-9F05-8961AA5B2018}.Debug|x86.Build.0 = Debug|Win32
		{56CD6C21-56EF-4653-9F05-8961AA5B2018}.Release|x64.ActiveCfg = Release|x64
		{56CD6C21-56EF-4653-9F05-8961AA5B2018}.Release|x64.Build.0 = Release|x64
		{56CD6C21-56EF-4653-9F05-8961AA5B2018}.Release|x86.ActiveCfg = Release|Win32
		{56CD6C21-56EF-4653-9F05-8961AA5B2018}.Release|x86.Build.0 = Release|Win32
		{FED1824E-5D91-4CBD-A555-A051A419BEB3}.Debug|x64.ActiveCfg = Debug|x64
		{FED1824E-5D91-4CBD-A555-A051A419BEB3}.Debug|x64.Build.0 = Debug|x64
		{FED1824E-5D91-4CBD-A555-A051A419BEB3}.Debug|x86.ActiveCfg = Debug|Win32
		{FED1824E-5D91-4CBD-A555-A051A419BEB3}.Debug|x86.Build.0 = Debug|Win32
		{FED1824E-5D91-4CBD-A555-A051A419BEB3}.Release|x64.ActiveCfg = Release|x64
		{FED1824E-5D91-4CBD-A555-A051A419BEB3}.Release|x64.Build.0 = Release|x64
		{FED1824E-5D91-4CBD-A555-A051A419BEB3}.Release|x86.ActiveCfg = Release|Win32
		{FED1824E-5D91-4CBD-A555-A051A419BEB3}.Release|x86.Build.0 = Release|Win32
		{CE50A6EE-2570-4E06-B8F6-479D5637A1E3}.Debug|x64.ActiveCfg = Debug|x64
		{CE50A6EE-2570-4E06-B8F6-479D5637A1E3}.Debug|x64.Build.0 = Debug|x64
		{CE50A6EE-2570-4E06-B8F6-479D5637A1E3}.Debug|x86.ActiveCfg = Debug|Win32
		{CE50A6EE-2570-4E06-B8F6-479D5637A1E3}.Debug|x86.Build.0 = Debug|Win32
		{CE50A6EE-2570-4E06-B8F6-479D5637A1E3}.Release|x64.ActiveCfg = Release|x64
		{CE50A6EE-2570-4E06-B8F6-479D5637A1E3}.Release|x64.Build.0 = Release|x64
		{CE50A6EE-2570-4E06-B8F6-479D5637A1E3}.Release|x86.ActiveCfg = Release|Win32
		{CE50A6EE-2570-4E06-B8F6-479D5637A1E3}.Release|x86.Build.0 = Release|Win32
		{CF44A784-D3E6-4FA9-A384-EBCCFCD679B5}.Debug|x64.ActiveCfg = Debug|Win32
		{CF44A784-D3E6-4FA9-A384-EBCCFCD679B5}.Debug|x64.Build.0 = Debug|Win32
		{CF44A784-D3E6-4FA9-A384-EBCCFCD679B5}.Debug|x86.ActiveCfg = Debug|Win32
		{CF44A784-D3E6-4FA9-A384-EBCCFCD679B5}.Debug|x86.Build.0 = Debug|Win32
		{CF44A784-D3E6-4FA9-A384-EBCCFCD679B5}.Release|x64.ActiveCfg = Release|Win32
		{CF44A784-D3E6-4FA9-A384-EBCCFCD679B5}.Release|x64.Build.0 = Release|Win32
		{CF44A784-D3E6-4FA9-A384-EBCCFCD679B5}.Release|x86.ActiveCfg = Release|Win32
		{CF44A784-D3E6-4FA9-A384-EBCCFCD679B5}.Release|x86.Build.0 = Release|Win32
		{1A5C1D16-D009-4A23-A624-AD74F159510D}.Debug|x64.ActiveCfg = Debug|x64
		{1A5C1D16-D009-4A23-A624-AD74F159510D}.Debug|x64.Build.0 = Debug|x64
		{1A5C1D16-D009-4A23-A624-AD74F159510D}.Debug|x86.ActiveCfg = Debug|Win32
		{1A5C1D16-D009-4A23-A624-AD74F159510D}.Debug|x86.Build.0 = Debug|Win32
		{1A5C1D16-D009-4A23-A624-AD74F159510D}.Release|x64.ActiveCfg = Release|x64
		{1A5C1D16-D009-4A23-A624-AD74F159510D}.Release|x64.Build.0 = Release|x64
		{1A5C1D16-D009-4A23-A624-AD74F159510D}.Release|x86.ActiveCfg = Release|Win32
		{1A5C1D16-D009-4A23-A624-AD74F159510D}.Release|x86.Build.0 = Release|Win32
		{06F59CA8-E55B-409D-A050-060759FA3720}.Debug|x64.ActiveCfg = Debug|x64
		{06F59CA8-E55B-409D-A050-060759FA3720}.Debug|x64.Build.0 = Debug|x64
		{06F59CA8-E55B-409D-A050-060759FA3720}.Debug|x86.ActiveCfg = Debug|Win32
		{06F59CA8-E55B-409D-A050-060759FA3720}.Debug|x86.Build.0 = Debug|Win32
		{06F59CA8-E55B-409D-A050-060759FA3720}.Release|x64.ActiveCfg = Release|x64
		{06F59CA8-E55B-409D-A050-060759FA3720}.Release|x64.Build.0 = Release|x64
		{06F59CA8-E55B-409D-A050-060759FA3720}.Release|x86.ActiveCfg = Release|Win32
		{06F59CA8-E55B-409D-A050-060759FA3720}.Release|x86.Build.0 = Release|Win32
		{AEE08446-3724-4CE3-8A78-85C420DE606E}.Debug|x64.ActiveCfg = Debug|x64
		{AEE08446-3724-4CE3-8A78-85C420DE606E}.Debug|x64.Build.0 = Debug|x64
		{AEE08446-3724-4CE3-8A78-85C420DE606E}.Debug|x86.ActiveCfg = Debug|Win32
		{AEE08446-3724-4CE3-8A78-85C420DE606E}.Debug|x86.Build.0 = Debug|Win32
		{AEE08446-3724-4CE3-8A78-85C420DE606E}.Release|x64.ActiveCfg = Release|x64
		{AEE08446-3724-4CE3-8A78-85C420DE606E}.Release|x64.Build.0 = Release|x64
		{AEE08446-3724-4CE3-8A78-85C420DE606E}.Release|x86.ActiveCfg = Release|Win32
		{AEE08446-3724-4CE3-8A78-85C420DE606E}.Release|x86.Build.0 = Release|Win32
	EndGlobalSection
	GlobalSection(SolutionProperties) = preSolution
		HideSolutionNode = FALSE
	EndGlobalSection
	GlobalSection(ExtensibilityGlobals) = postSolution
		SolutionGuid = {DACCBC56-B680-4063-90EC-35FEF9F404C1}
	EndGlobalSection
EndGlobal
